
Microsoft Visual Studio Solution File, Format Version 12.00
# Visual Studio 15
VisualStudioVersion = 15.0.28307.421
MinimumVisualStudioVersion = 10.0.40219.1
Project("{FAE04EC0-301F-11D3-BF4B-00C04F79EFBC}") = "MeleeStreamInfo", "MeleeStreamInfo\MeleeStreamInfo.csproj", "{621AA697-D7CC-4B55-AAE9-925F498E8723}"
EndProject
Global
	GlobalSection(SolutionConfigurationPlatforms) = preSolution
		Debug|Any CPU = Debug|Any CPU
		Release|Any CPU = Release|Any CPU
	EndGlobalSection
	GlobalSection(ProjectConfigurationPlatforms) = postSolution
		{621AA697-D7CC-4B55-AAE9-925F498E8723}.Debug|Any CPU.ActiveCfg = Debug|Any CPU
		{621AA697-D7CC-4B55-AAE9-925F498E8723}.Debug|Any CPU.Build.0 = Debug|Any CPU
		{621AA697-D7CC-4B55-AAE9-925F498E8723}.Release|Any CPU.ActiveCfg = Release|Any CPU
		{621AA697-D7CC-4B55-AAE9-925F498E8723}.Release|Any CPU.Build.0 = Release|Any CPU
	EndGlobalSection
	GlobalSection(SolutionProperties) = preSolution
		HideSolutionNode = FALSE
	EndGlobalSection
	GlobalSection(ExtensibilityGlobals) = postSolution
		SolutionGuid = {6E43C440-342F-489C-B915-317CD6751CB0}
	EndGlobalSection
EndGlobal
